# Generated by pub
# See https://dart.dev/tools/pub/glossary#lockfile
packages:
  archive:
    dependency: transitive
    description:
      name: archive
      sha256: "2fde1607386ab523f7a36bb3e7edb43bd58e6edaf2ffb29d8a6d578b297fdbbd"
      url: "https://pub.dev"
    source: hosted
    version: "4.0.7"
  async:
    dependency: transitive
    description:
      name: async
      sha256: "758e6d74e971c3e5aceb4110bfd6698efc7f501675bcfe0c775459a8140750eb"
      url: "https://pub.dev"
    source: hosted
    version: "2.13.0"
  boolean_selector:
    dependency: transitive
    description:
      name: boolean_selector
      sha256: "8aab1771e1243a5063b8b0ff68042d67334e3feab9e95b9490f9a6ebf73b42ea"
      url: "https://pub.dev"
    source: hosted
    version: "2.1.2"
  characters:
    dependency: transitive
    description:
      name: characters
      sha256: f71061c654a3380576a52b451dd5532377954cf9dbd272a78fc8479606670803
      url: "https://pub.dev"
    source: hosted
    version: "1.4.0"
  clock:
    dependency: transitive
    description:
      name: clock
      sha256: fddb70d9b5277016c77a80201021d40a2247104d9f4aa7bab7157b7e3f05b84b
      url: "https://pub.dev"
    source: hosted
    version: "1.1.2"
  collection:
    dependency: transitive
    description:
      name: collection
      sha256: "2f5709ae4d3d59dd8f7cd309b4e023046b57d8a6c82130785d2b0e5868084e76"
      url: "https://pub.dev"
    source: hosted
    version: "1.19.1"
  crypto:
    dependency: transitive
    description:
      name: crypto
      sha256: c8ea0233063ba03258fbcf2ca4d6dadfefe14f02fab57702265467a19f27fadf
      url: "https://pub.dev"
    source: hosted
    version: "3.0.7"
  cupertino_icons:
    dependency: "direct main"
    description:
      name: cupertino_icons
      sha256: ba631d1c7f7bef6b729a622b7b752645a2d076dba9976925b8f25725a30e1ee6
      url: "https://pub.dev"
    source: hosted
    version: "1.0.8"
  dylib:
    dependency: transitive
    description:
      name: dylib
      sha256: bf609b3eb6492a3309b3d1dbe8f83a4031de5535dd7686be33487051cc760bb0
      url: "https://pub.dev"
    source: hosted
    version: "0.3.3"
  fake_async:
    dependency: transitive
    description:
      name: fake_async
      sha256: "5368f224a74523e8d2e7399ea1638b37aecfca824a3cc4dfdf77bf1fa905ac44"
      url: "https://pub.dev"
    source: hosted
    version: "1.3.3"
  ffi:
    dependency: transitive
    description:
      name: ffi
      sha256: "289279317b4b16eb2bb7e271abccd4bf84ec9bdcbe999e278a94b804f5630418"
      url: "https://pub.dev"
    source: hosted
    version: "2.1.4"
  fixnum:
    dependency: transitive
    description:
      name: fixnum
      sha256: b6dc7065e46c974bc7c5f143080a6764ec7a4be6da1285ececdc37be96de53be
      url: "https://pub.dev"
    source: hosted
    version: "1.1.1"
  flutter:
    dependency: "direct main"
    description: flutter
    source: sdk
    version: "0.0.0"
  flutter_3d_controller:
    dependency: "direct main"
    description:
      name: flutter_3d_controller
      sha256: "7b5bcd3deab4a58798e1b2cef382374a4c210badac1853d9ec680f66bb3030b4"
      url: "https://pub.dev"
    source: hosted
    version: "2.3.0"
  flutter_angle:
    dependency: transitive
    description:
      name: flutter_angle
      sha256: "344a6b5ba7fa4893799ba8a98ed1b164e0b92ce77cf98b6c0f276efe1032249e"
      url: "https://pub.dev"
    source: hosted
    version: "0.3.8"
  flutter_inappwebview:
    dependency: transitive
    description:
      name: flutter_inappwebview
      sha256: "80092d13d3e29b6227e25b67973c67c7210bd5e35c4b747ca908e31eb71a46d5"
      url: "https://pub.dev"
    source: hosted
    version: "6.1.5"
  flutter_inappwebview_android:
    dependency: transitive
    description:
      name: flutter_inappwebview_android
      sha256: "62557c15a5c2db5d195cb3892aab74fcaec266d7b86d59a6f0027abd672cddba"
      url: "https://pub.dev"
    source: hosted
    version: "1.1.3"
  flutter_inappwebview_internal_annotations:
    dependency: transitive
    description:
      name: flutter_inappwebview_internal_annotations
      sha256: "787171d43f8af67864740b6f04166c13190aa74a1468a1f1f1e9ee5b90c359cd"
      url: "https://pub.dev"
    source: hosted
    version: "1.2.0"
  flutter_inappwebview_ios:
    dependency: transitive
    description:
      name: flutter_inappwebview_ios
      sha256: "5818cf9b26cf0cbb0f62ff50772217d41ea8d3d9cc00279c45f8aabaa1b4025d"
      url: "https://pub.dev"
    source: hosted
    version: "1.1.2"
  flutter_inappwebview_macos:
    dependency: transitive
    description:
      name: flutter_inappwebview_macos
      sha256: c1fbb86af1a3738e3541364d7d1866315ffb0468a1a77e34198c9be571287da1
      url: "https://pub.dev"
    source: hosted
    version: "1.1.2"
  flutter_inappwebview_platform_interface:
    dependency: transitive
    description:
      name: flutter_inappwebview_platform_interface
      sha256: cf5323e194096b6ede7a1ca808c3e0a078e4b33cc3f6338977d75b4024ba2500
      url: "https://pub.dev"
    source: hosted
    version: "1.3.0+1"
  flutter_inappwebview_web:
    dependency: transitive
    description:
      name: flutter_inappwebview_web
      sha256: "55f89c83b0a0d3b7893306b3bb545ba4770a4df018204917148ebb42dc14a598"
      url: "https://pub.dev"
    source: hosted
    version: "1.1.2"
  flutter_inappwebview_windows:
    dependency: transitive
    description:
      name: flutter_inappwebview_windows
      sha256: "8b4d3a46078a2cdc636c4a3d10d10f2a16882f6be607962dbfff8874d1642055"
      url: "https://pub.dev"
    source: hosted
    version: "0.6.0"
  flutter_lints:
    dependency: "direct dev"
    description:
      name: flutter_lints
      sha256: "3105dc8492f6183fb076ccf1f351ac3d60564bff92e20bfc4af9cc1651f4e7e1"
      url: "https://pub.dev"
    source: hosted
    version: "6.0.0"
  flutter_test:
    dependency: "direct dev"
    description: flutter
    source: sdk
    version: "0.0.0"
  flutter_web_plugins:
    dependency: transitive
    description: flutter
    source: sdk
    version: "0.0.0"
  http:
    dependency: transitive
    description:
      name: http
      sha256: "87721a4a50b19c7f1d49001e51409bddc46303966ce89a65af4f4e6004896412"
      url: "https://pub.dev"
    source: hosted
    version: "1.6.0"
  http_parser:
    dependency: transitive
    description:
      name: http_parser
      sha256: "178d74305e7866013777bab2c3d8726205dc5a4dd935297175b19a23a2e66571"
      url: "https://pub.dev"
    source: hosted
    version: "4.1.2"
  image:
    dependency: transitive
    description:
      name: image
      sha256: "4e973fcf4caae1a4be2fa0a13157aa38a8f9cb049db6529aa00b4d71abc4d928"
      url: "https://pub.dev"
    source: hosted
    version: "4.5.4"
  leak_tracker:
    dependency: transitive
    description:
      name: leak_tracker
      sha256: "33e2e26bdd85a0112ec15400c8cbffea70d0f9c3407491f672a2fad47915e2de"
      url: "https://pub.dev"
    source: hosted
    version: "11.0.2"
  leak_tracker_flutter_testing:
    dependency: transitive
    description:
      name: leak_tracker_flutter_testing
      sha256: "1dbc140bb5a23c75ea9c4811222756104fbcd1a27173f0c34ca01e16bea473c1"
      url: "https://pub.dev"
    source: hosted
    version: "3.0.10"
  leak_tracker_testing:
    dependency: transitive
    description:
      name: leak_tracker_testing
      sha256: "8d5a2d49f4a66b49744b23b018848400d23e54caf9463f4eb20df3eb8acb2eb1"
      url: "https://pub.dev"
    source: hosted
    version: "3.0.2"
  lints:
    dependency: transitive
    description:
      name: lints
      sha256: a5e2b223cb7c9c8efdc663ef484fdd95bb243bff242ef5b13e26883547fce9a0
      url: "https://pub.dev"
    source: hosted
    version: "6.0.0"
  logger:
    dependency: transitive
    description:
      name: logger
      sha256: a7967e31b703831a893bbc3c3dd11db08126fe5f369b5c648a36f821979f5be3
      url: "https://pub.dev"
    source: hosted
    version: "2.6.2"
  matcher:
    dependency: transitive
    description:
      name: matcher
      sha256: dc58c723c3c24bf8d3e2d3ad3f2f9d7bd9cf43ec6feaa64181775e60190153f2
      url: "https://pub.dev"
    source: hosted
    version: "0.12.17"
  material_color_utilities:
    dependency: transitive
    description:
      name: material_color_utilities
      sha256: f7142bb1154231d7ea5f96bc7bde4bda2a0945d2806bb11670e30b850d56bdec
      url: "https://pub.dev"
    source: hosted
    version: "0.11.1"
  meta:
    dependency: transitive
    description:
      name: meta
      sha256: "23f08335362185a5ea2ad3a4e597f1375e78bce8a040df5c600c8d3552ef2394"
      url: "https://pub.dev"
    source: hosted
    version: "1.17.0"
  opentype_dart:
    dependency: transitive
    description:
      name: opentype_dart
      sha256: "4bd96aeed494289a87e92bde20afe60f59648dcef253c0a7159b65ffa23899dc"
      url: "https://pub.dev"
    source: hosted
    version: "0.0.1"
  path:
    dependency: transitive
    description:
      name: path
      sha256: "75cca69d1490965be98c73ceaea117e8a04dd21217b37b292c9ddbec0d955bc5"
      url: "https://pub.dev"
    source: hosted
    version: "1.9.1"
  petitparser:
    dependency: transitive
    description:
      name: petitparser
      sha256: "1a97266a94f7350d30ae522c0af07890c70b8e62c71e8e3920d1db4d23c057d1"
      url: "https://pub.dev"
    source: hosted
    version: "7.0.1"
  platform:
    dependency: transitive
    description:
      name: platform
      sha256: "5d6b1b0036a5f331ebc77c850ebc8506cbc1e9416c27e59b439f917a902a4984"
      url: "https://pub.dev"
    source: hosted
    version: "3.1.6"
  plugin_platform_interface:
    dependency: transitive
    description:
      name: plugin_platform_interface
      sha256: "4820fbfdb9478b1ebae27888254d445073732dae3d6ea81f0b7e06d5dedc3f02"
      url: "https://pub.dev"
    source: hosted
    version: "2.1.8"
  posix:
    dependency: transitive
    description:
      name: posix
      sha256: "6323a5b0fa688b6a010df4905a56b00181479e6d10534cecfecede2aa55add61"
      url: "https://pub.dev"
    source: hosted
    version: "6.0.3"
  sky_engine:
    dependency: transitive
    description: flutter
    source: sdk
    version: "0.0.0"
  source_span:
    dependency: transitive
    description:
      name: source_span
      sha256: "254ee5351d6cb365c859e20ee823c3bb479bf4a293c22d17a9f1bf144ce86f7c"
      url: "https://pub.dev"
    source: hosted
    version: "1.10.1"
  stack_trace:
    dependency: transitive
    description:
      name: stack_trace
      sha256: "8b27215b45d22309b5cddda1aa2b19bdfec9df0e765f2de506401c071d38d1b1"
      url: "https://pub.dev"
    source: hosted
    version: "1.12.1"
  stream_channel:
    dependency: transitive
    description:
      name: stream_channel
      sha256: "969e04c80b8bcdf826f8f16579c7b14d780458bd97f56d107d3950fdbeef059d"
      url: "https://pub.dev"
    source: hosted
    version: "2.1.4"
  string_scanner:
    dependency: transitive
    description:
      name: string_scanner
      sha256: "921cd31725b72fe181906c6a94d987c78e3b98c2e205b397ea399d4054872b43"
      url: "https://pub.dev"
    source: hosted
    version: "1.4.1"
  term_glyph:
    dependency: transitive
    description:
      name: term_glyph
      sha256: "7f554798625ea768a7518313e58f83891c7f5024f88e46e7182a4558850a4b8e"
      url: "https://pub.dev"
    source: hosted
    version: "1.2.2"
  test_api:
    dependency: transitive
    description:
      name: test_api
      sha256: ab2726c1a94d3176a45960b6234466ec367179b87dd74f1611adb1f3b5fb9d55
      url: "https://pub.dev"
    source: hosted
    version: "0.7.7"
  three_js:
    dependency: "direct main"
    description:
      name: three_js
      sha256: "76554d705ee0f7101d969773bc92fbd18d2e0f28ee87a9e41f7c0a86bd76f480"
      url: "https://pub.dev"
    source: hosted
    version: "0.2.6"
  three_js_advanced_loaders:
    dependency: transitive
    description:
      name: three_js_advanced_loaders
      sha256: "901ee356fba0ffe57547e448ee73aaa351b68a46608cf8f13c798b28980fbd38"
      url: "https://pub.dev"
    source: hosted
    version: "0.2.4"
  three_js_animations:
    dependency: transitive
    description:
      name: three_js_animations
      sha256: "7f7d708e96301e0fef1ab71ebaef280d5885c081f184e49c6956a22bd51ee444"
      url: "https://pub.dev"
    source: hosted
    version: "0.2.1"
  three_js_controls:
    dependency: transitive
    description:
      name: three_js_controls
      sha256: "4cc52d53e3bf1cca0d469c5f200b10c5c96954663d551bdb6b0b4278a0dca148"
      url: "https://pub.dev"
    source: hosted
    version: "0.2.2"
  three_js_core:
    dependency: transitive
    description:
      name: three_js_core
      sha256: "4aa78017f1562cd2c67b3146587eb8c6b75870ca030b0a5263d532d6660c31dd"
      url: "https://pub.dev"
    source: hosted
    version: "0.2.6"
  three_js_core_loaders:
    dependency: transitive
    description:
      name: three_js_core_loaders
      sha256: "85ca58d66b57b94acb5b4598e97ebd54a1679025f4eaf8cfa2dade4b561b2189"
      url: "https://pub.dev"
    source: hosted
    version: "0.2.1"
  three_js_curves:
    dependency: transitive
    description:
      name: three_js_curves
      sha256: "9f11f2fa869dc6b1aa01219bd0587b768cc0dcbf0bde5bbb576c5fabcbb3b3c7"
      url: "https://pub.dev"
    source: hosted
    version: "0.2.1"
  three_js_geometry:
    dependency: transitive
    description:
      name: three_js_geometry
      sha256: "11cbf2661b32fe90d7150c2dddd2846866de6500589e13eb9d682b017c19420a"
      url: "https://pub.dev"
    source: hosted
    version: "0.2.1"
  three_js_math:
    dependency: transitive
    description:
      name: three_js_math
      sha256: "8687016308b8d6d027a8fb3982eedb7514bbc4cf21145da0116dbd801254aa50"
      url: "https://pub.dev"
    source: hosted
    version: "0.2.5"
  three_js_sensors:
    dependency: transitive
    description:
      name: three_js_sensors
      sha256: "40874a52c6e617762d324e8149356ccacf90aa65a8904f6e3520e4aba1bff447"
      url: "https://pub.dev"
    source: hosted
    version: "0.1.2"
  three_js_simple_loaders:
    dependency: transitive
    description:
      name: three_js_simple_loaders
      sha256: "3728e84dd74cf68fbf7b6260d5eda47afbcddc48dd7b127a56fef85d92b87c78"
      url: "https://pub.dev"
    source: hosted
    version: "0.2.2"
  three_js_text:
    dependency: transitive
    description:
      name: three_js_text
      sha256: ba5f44e5da00b5f510a24308644da72c5d3b039542da3d1c13b08f7e28066d29
      url: "https://pub.dev"
    source: hosted
    version: "0.2.0"
  typed_data:
    dependency: transitive
    description:
      name: typed_data
      sha256: f9049c039ebfeb4cf7a7104a675823cd72dba8297f264b6637062516699fa006
      url: "https://pub.dev"
    source: hosted
    version: "1.4.0"
  uuid:
    dependency: transitive
    description:
      name: uuid
      sha256: a11b666489b1954e01d992f3d601b1804a33937b5a8fe677bd26b8a9f96f96e8
      url: "https://pub.dev"
    source: hosted
    version: "4.5.2"
  vector_math:
    dependency: transitive
    description:
      name: vector_math
      sha256: d530bd74fea330e6e364cda7a85019c434070188383e1cd8d9777ee586914c5b
      url: "https://pub.dev"
    source: hosted
    version: "2.2.0"
  vm_service:
    dependency: transitive
    description:
      name: vm_service
      sha256: "45caa6c5917fa127b5dbcfbd1fa60b14e583afdc08bfc96dda38886ca252eb60"
      url: "https://pub.dev"
    source: hosted
    version: "15.0.2"
  web:
    dependency: transitive
    description:
      name: web
      sha256: "868d88a33d8a87b18ffc05f9f030ba328ffefba92d6c127917a2ba740f9cfe4a"
      url: "https://pub.dev"
    source: hosted
    version: "1.1.1"
  xml:
    dependency: transitive
    description:
      name: xml
      sha256: "971043b3a0d3da28727e40ed3e0b5d18b742fa5a68665cca88e74b7876d5e025"
      url: "https://pub.dev"
    source: hosted
    version: "6.6.1"
sdks:
  dart: ">=3.10.0 <4.0.0"
  flutter: ">=3.27.0"
